
Microsoft Visual Studio Solution File, Format Version 12.00
# Visual Studio Version 17
VisualStudioVersion = 17.5.002.0
MinimumVisualStudioVersion = 10.0.40219.1
Project("{9A19103F-16F7-4668-BE54-9A1E7A4F7556}") = "usuarios", "usuarios.csproj", "{8BA78A6E-6D50-4171-8BFC-CBEB3032959E}"
EndProject
Global
	GlobalSection(SolutionConfigurationPlatforms) = preSolution
		Debug|Any CPU = Debug|Any CPU
		Release|Any CPU = Release|Any CPU
	EndGlobalSection
	GlobalSection(ProjectConfigurationPlatforms) = postSolution
		{8BA78A6E-6D50-4171-8BFC-CBEB3032959E}.Debug|Any CPU.ActiveCfg = Debug|Any CPU
		{8BA78A6E-6D50-4171-8BFC-CBEB3032959E}.Debug|Any CPU.Build.0 = Debug|Any CPU
		{8BA78A6E-6D50-4171-8BFC-CBEB3032959E}.Release|Any CPU.ActiveCfg = Release|Any CPU
		{8BA78A6E-6D50-4171-8BFC-CBEB3032959E}.Release|Any CPU.Build.0 = Release|Any CPU
	EndGlobalSection
	GlobalSection(SolutionProperties) = preSolution
		HideSolutionNode = FALSE
	EndGlobalSection
	GlobalSection(ExtensibilityGlobals) = postSolution
		SolutionGuid = {87DC3E2A-66AD-435F-BFEB-A6D3172B0B8F}
	EndGlobalSection
EndGlobal
